{
  "schema_version": "1.0",
  "last_updated": "2026-03-26T04:17:41.673811+00:00",
  "pages": {
    "Project Phoenix Overview": {
      "page_id": "10911750",
      "version": 3,
      "content_fingerprint": "a9d2ff43e3ab6abc7636cf111fd512e5ca0fc573fb3e86d10003ae1d312017dc"
    },
    "ADR-001 Use PostgreSQL for Phoenix": {
      "page_id": "11042823",
      "version": 2,
      "content_fingerprint": "6056727433d60eddd7324287480f7db6f4f061f9387c8d9de82a60d232a04e41"
    },
    "Runbook PostgreSQL Database Failover": {
      "page_id": "10911772",
      "version": 2,
      "content_fingerprint": "802d3ab712a7aa670c461f31658081026e8c1925de45388a9b8f9a17c042d9b5"
    }
  }
}